// !$*UTF8*$!
{
	archiveVersion = 1;
	classes = {
	};
	objectVersion = 77;
	objects = {

/* Begin PBXBuildFile section */
		2E67D1413033ED8200B0DC7E /* Constants.swift in Sources */ = {isa = PBXBuildFile; fileRef = 2E67D1403033ED7F00B0DC7E /* Constants.swift */; };
		2E67D14430341C7600B0DC7E /* AuthViewController.swift in Sources */ = {isa = PBXBuildFile; fileRef = 2E67D14330341C7500B0DC7E /* AuthViewController.swift */; };
		2E67D14630341D5C00B0DC7E /* WebViewViewController.swift in Sources */ = {isa = PBXBuildFile; fileRef = 2E67D14530341D5A00B0DC7E /* WebViewViewController.swift */; };
		2E67D1493034215700B0DC7E /* WebKit.framework in Frameworks */ = {isa = PBXBuildFile; fileRef = 2E67D1483034215700B0DC7E /* WebKit.framework */; };
		2E67D14B3036EA6700B0DC7E /* OAuth2Service.swift in Sources */ = {isa = PBXBuildFile; fileRef = 2E67D14A3036E34D00B0DC7E /* OAuth2Service.swift */; };
		2E67D14E3036ED9800B0DC7E /* URLSession+data.swift in Sources */ = {isa = PBXBuildFile; fileRef = 2E67D14D3036ED9500B0DC7E /* URLSession+data.swift */; };
		2E67D1503036F17900B0DC7E /* OAuth2TokenStorage.swift in Sources */ = {isa = PBXBuildFile; fileRef = 2E67D14F3036F17700B0DC7E /* OAuth2TokenStorage.swift */; };
		2E9DE4C4302EA5F70053F9CC /* Assets.xcassets in Resources */ = {isa = PBXBuildFile; fileRef = 2E9DE4BC302EA5F70053F9CC /* Assets.xcassets */; };
		2E9DE4C6302EA5F70053F9CC /* LaunchScreen.storyboard in Resources */ = {isa = PBXBuildFile; fileRef = 2E9DE4BF302EA5F70053F9CC /* LaunchScreen.storyboard */; };
		2E9DE4C7302EA5F70053F9CC /* Main.storyboard in Resources */ = {isa = PBXBuildFile; fileRef = 2E9DE4C1302EA5F70053F9CC /* Main.storyboard */; };
		2E9DE4C8302EA5F70053F9CC /* ImagesListCell.swift in Sources */ = {isa = PBXBuildFile; fileRef = 2E9DE4B4302EA5F70053F9CC /* ImagesListCell.swift */; };
		2E9DE4C9302EA5F70053F9CC /* ImagesListViewController.swift in Sources */ = {isa = PBXBuildFile; fileRef = 2E9DE4B5302EA5F70053F9CC /* ImagesListViewController.swift */; };
		2E9DE4CA302EA5F70053F9CC /* MainTabBarController.swift in Sources */ = {isa = PBXBuildFile; fileRef = 2E9DE4B6302EA5F70053F9CC /* MainTabBarController.swift */; };
		2E9DE4CB302EA5F70053F9CC /* SingleImageViewController.swift in Sources */ = {isa = PBXBuildFile; fileRef = 2E9DE4B7302EA5F70053F9CC /* SingleImageViewController.swift */; };
		2E9DE4CC302EA5F70053F9CC /* ProfileViewController.swift in Sources */ = {isa = PBXBuildFile; fileRef = 2E9DE4B9302EA5F70053F9CC /* ProfileViewController.swift */; };
		2E9DE4CD302EA5F70053F9CC /* AppDelegate.swift in Sources */ = {isa = PBXBuildFile; fileRef = 2E9DE4BB302EA5F70053F9CC /* AppDelegate.swift */; };
		2E9DE4CE302EA5F70053F9CC /* SceneDelegate.swift in Sources */ = {isa = PBXBuildFile; fileRef = 2E9DE4C2302EA5F70053F9CC /* SceneDelegate.swift */; };
/* End PBXBuildFile section */

/* Begin PBXFileReference section */
		2E67D1403033ED7F00B0DC7E /* Constants.swift */ = {isa = PBXFileReference; lastKnownFileType = sourcecode.swift; path = Constants.swift; sourceTree = "<group>"; };
		2E67D14330341C7500B0DC7E /* AuthViewController.swift */ = {isa = PBXFileReference; lastKnownFileType = sourcecode.swift; path = AuthViewController.swift; sourceTree = "<group>"; };
		2E67D14530341D5A00B0DC7E /* WebViewViewController.swift */ = {isa = PBXFileReference; lastKnownFileType = sourcecode.swift; path = WebViewViewController.swift; sourceTree = "<group>"; };
		2E67D1483034215700B0DC7E /* WebKit.framework */ = {isa = PBXFileReference; lastKnownFileType = wrapper.framework; name = WebKit.framework; path = System/Library/Frameworks/WebKit.framework; sourceTree = SDKROOT; };
		2E67D14A3036E34D00B0DC7E /* OAuth2Service.swift */ = {isa = PBXFileReference; lastKnownFileType = sourcecode.swift; path = OAuth2Service.swift; sourceTree = "<group>"; };
		2E67D14D3036ED9500B0DC7E /* URLSession+data.swift */ = {isa = PBXFileReference; lastKnownFileType = sourcecode.swift; path = "URLSession+data.swift"; sourceTree = "<group>"; };
		2E67D14F3036F17700B0DC7E /* OAuth2TokenStorage.swift */ = {isa = PBXFileReference; lastKnownFileType = sourcecode.swift; path = OAuth2TokenStorage.swift; sourceTree = "<group>"; };
		2E9999A93004D64A00081249 /* ImageFeed.app */ = {isa = PBXFileReference; explicitFileType = wrapper.application; includeInIndex = 0; path = ImageFeed.app; sourceTree = BUILT_PRODUCTS_DIR; };
		2E9DE4B4302EA5F70053F9CC /* ImagesListCell.swift */ = {isa = PBXFileReference; lastKnownFileType = sourcecode.swift; path = ImagesListCell.swift; sourceTree = "<group>"; };
		2E9DE4B5302EA5F70053F9CC /* ImagesListViewController.swift */ = {isa = PBXFileReference; lastKnownFileType = sourcecode.swift; path = ImagesListViewController.swift; sourceTree = "<group>"; };
		2E9DE4B6302EA5F70053F9CC /* MainTabBarController.swift */ = {isa = PBXFileReference; lastKnownFileType = sourcecode.swift; path = MainTabBarController.swift; sourceTree = "<group>"; };
		2E9DE4B7302EA5F70053F9CC /* SingleImageViewController.swift */ = {isa = PBXFileReference; lastKnownFileType = sourcecode.swift; path = SingleImageViewController.swift; sourceTree = "<group>"; };
		2E9DE4B9302EA5F70053F9CC /* ProfileViewController.swift */ = {isa = PBXFileReference; lastKnownFileType = sourcecode.swift; path = ProfileViewController.swift; sourceTree = "<group>"; };
		2E9DE4BB302EA5F70053F9CC /* AppDelegate.swift */ = {isa = PBXFileReference; lastKnownFileType = sourcecode.swift; path = AppDelegate.swift; sourceTree = "<group>"; };
		2E9DE4BC302EA5F70053F9CC /* Assets.xcassets */ = {isa = PBXFileReference; lastKnownFileType = folder.assetcatalog; path = Assets.xcassets; sourceTree = "<group>"; };
		2E9DE4BD302EA5F70053F9CC /* Info.plist */ = {isa = PBXFileReference; lastKnownFileType = text.plist.xml; path = Info.plist; sourceTree = "<group>"; };
		2E9DE4BE302EA5F70053F9CC /* Base */ = {isa = PBXFileReference; lastKnownFileType = file.storyboard; name = Base; path = Base.lproj/LaunchScreen.storyboard; sourceTree = "<group>"; };
		2E9DE4C0302EA5F70053F9CC /* Base */ = {isa = PBXFileReference; lastKnownFileType = file.storyboard; name = Base; path = Base.lproj/Main.storyboard; sourceTree = "<group>"; };
		2E9DE4C2302EA5F70053F9CC /* SceneDelegate.swift */ = {isa = PBXFileReference; lastKnownFileType = sourcecode.swift; path = SceneDelegate.swift; sourceTree = "<group>"; };
/* End PBXFileReference section */

/* Begin PBXFrameworksBuildPhase section */
		2E9999A63004D64A00081249 /* Frameworks */ = {
			isa = PBXFrameworksBuildPhase;
			buildActionMask = 2147483647;
			files = (
				2E67D1493034215700B0DC7E /* WebKit.framework in Frameworks */,
			);
			runOnlyForDeploymentPostprocessing = 0;
		};
/* End PBXFrameworksBuildPhase section */

/* Begin PBXGroup section */
		2E67D14230341C6400B0DC7E /* Auth */ = {
			isa = PBXGroup;
			children = (
				2E67D14530341D5A00B0DC7E /* WebViewViewController.swift */,
				2E67D14330341C7500B0DC7E /* AuthViewController.swift */,
			);
			path = Auth;
			sourceTree = "<group>";
		};
		2E67D1473034215700B0DC7E /* Frameworks */ = {
			isa = PBXGroup;
			children = (
				2E67D1483034215700B0DC7E /* WebKit.framework */,
			);
			name = Frameworks;
			sourceTree = "<group>";
		};
		2E67D14C3036ED8700B0DC7E /* Extensions */ = {
			isa = PBXGroup;
			children = (
				2E67D14D3036ED9500B0DC7E /* URLSession+data.swift */,
			);
			path = Extensions;
			sourceTree = "<group>";
		};
		2E67D1513036F90500B0DC7E /* ServiceAccessLayer */ = {
			isa = PBXGroup;
			children = (
				2E67D1523036F91100B0DC7E /* OAuth2 */,
			);
			path = ServiceAccessLayer;
			sourceTree = "<group>";
		};
		2E67D1523036F91100B0DC7E /* OAuth2 */ = {
			isa = PBXGroup;
			children = (
				2E67D14F3036F17700B0DC7E /* OAuth2TokenStorage.swift */,
				2E67D14A3036E34D00B0DC7E /* OAuth2Service.swift */,
			);
			path = OAuth2;
			sourceTree = "<group>";
		};
		2E9999A03004D64A00081249 = {
			isa = PBXGroup;
			children = (
				2E9DE4C3302EA5F70053F9CC /* ImageFeed */,
				2E67D1473034215700B0DC7E /* Frameworks */,
				2E9999AA3004D64A00081249 /* Products */,
			);
			sourceTree = "<group>";
		};
		2E9999AA3004D64A00081249 /* Products */ = {
			isa = PBXGroup;
			children = (
				2E9999A93004D64A00081249 /* ImageFeed.app */,
			);
			name = Products;
			sourceTree = "<group>";
		};
		2E9DE4B8302EA5F70053F9CC /* ImagesList */ = {
			isa = PBXGroup;
			children = (
				2E9DE4B4302EA5F70053F9CC /* ImagesListCell.swift */,
				2E9DE4B5302EA5F70053F9CC /* ImagesListViewController.swift */,
			);
			path = ImagesList;
			sourceTree = "<group>";
		};
		2E9DE4BA302EA5F70053F9CC /* Profile */ = {
			isa = PBXGroup;
			children = (
				2E9DE4B9302EA5F70053F9CC /* ProfileViewController.swift */,
			);
			path = Profile;
			sourceTree = "<group>";
		};
		2E9DE4C3302EA5F70053F9CC /* ImageFeed */ = {
			isa = PBXGroup;
			children = (
				2E9DE4BB302EA5F70053F9CC /* AppDelegate.swift */,
				2E9DE4C2302EA5F70053F9CC /* SceneDelegate.swift */,
				2E67D1403033ED7F00B0DC7E /* Constants.swift */,
				2E67D14C3036ED8700B0DC7E /* Extensions */,
				2E67D1513036F90500B0DC7E /* ServiceAccessLayer */,
				2E67D14230341C6400B0DC7E /* Auth */,
				2E9DE4B6302EA5F70053F9CC /* MainTabBarController.swift */,
				2E9DE4B8302EA5F70053F9CC /* ImagesList */,
				2E9DE4CF302EA62C0053F9CC /* SingleImage */,
				2E9DE4BA302EA5F70053F9CC /* Profile */,
				2E9DE4BF302EA5F70053F9CC /* LaunchScreen.storyboard */,
				2E9DE4C1302EA5F70053F9CC /* Main.storyboard */,
				2E9DE4BC302EA5F70053F9CC /* Assets.xcassets */,
				2E9DE4BD302EA5F70053F9CC /* Info.plist */,
			);
			path = ImageFeed;
			sourceTree = "<group>";
		};
		2E9DE4CF302EA62C0053F9CC /* SingleImage */ = {
			isa = PBXGroup;
			children = (
				2E9DE4B7302EA5F70053F9CC /* SingleImageViewController.swift */,
			);
			path = SingleImage;
			sourceTree = "<group>";
		};
/* End PBXGroup section */

/* Begin PBXNativeTarget section */
		2E9999A83004D64A00081249 /* ImageFeed */ = {
			isa = PBXNativeTarget;
			buildConfigurationList = 2E9999BC3004D64C00081249 /* Build configuration list for PBXNativeTarget "ImageFeed" */;
			buildPhases = (
				2E9999A53004D64A00081249 /* Sources */,
				2E9999A63004D64A00081249 /* Frameworks */,
				2E9999A73004D64A00081249 /* Resources */,
			);
			buildRules = (
			);
			dependencies = (
			);
			name = ImageFeed;
			packageProductDependencies = (
			);
			productName = ImageFeed;
			productReference = 2E9999A93004D64A00081249 /* ImageFeed.app */;
			productType = "com.apple.product-type.application";
		};
/* End PBXNativeTarget section */

/* Begin PBXProject section */
		2E9999A13004D64A00081249 /* Project object */ = {
			isa = PBXProject;
			attributes = {
				BuildIndependentTargetsInParallel = 1;
				LastSwiftUpdateCheck = 2650;
				LastUpgradeCheck = 2660;
				TargetAttributes = {
					2E9999A83004D64A00081249 = {
						CreatedOnToolsVersion = 26.5;
					};
				};
			};
			buildConfigurationList = 2E9999A43004D64A00081249 /* Build configuration list for PBXProject "ImageFeed" */;
			developmentRegion = en;
			hasScannedForEncodings = 0;
			knownRegions = (
				en,
				Base,
			);
			mainGroup = 2E9999A03004D64A00081249;
			minimizedProjectReferenceProxies = 1;
			preferredProjectObjectVersion = 77;
			productRefGroup = 2E9999AA3004D64A00081249 /* Products */;
			projectDirPath = "";
			projectRoot = "";
			targets = (
				2E9999A83004D64A00081249 /* ImageFeed */,
			);
		};
/* End PBXProject section */

/* Begin PBXResourcesBuildPhase section */
		2E9999A73004D64A00081249 /* Resources */ = {
			isa = PBXResourcesBuildPhase;
			buildActionMask = 2147483647;
			files = (
				2E9DE4C4302EA5F70053F9CC /* Assets.xcassets in Resources */,
				2E9DE4C6302EA5F70053F9CC /* LaunchScreen.storyboard in Resources */,
				2E9DE4C7302EA5F70053F9CC /* Main.storyboard in Resources */,
			);
			runOnlyForDeploymentPostprocessing = 0;
		};
/* End PBXResourcesBuildPhase section */

/* Begin PBXSourcesBuildPhase section */
		2E9999A53004D64A00081249 /* Sources */ = {
			isa = PBXSourcesBuildPhase;
			buildActionMask = 2147483647;
			files = (
				2E9DE4C8302EA5F70053F9CC /* ImagesListCell.swift in Sources */,
				2E9DE4C9302EA5F70053F9CC /* ImagesListViewController.swift in Sources */,
				2E9DE4CA302EA5F70053F9CC /* MainTabBarController.swift in Sources */,
				2E67D14630341D5C00B0DC7E /* WebViewViewController.swift in Sources */,
				2E67D14B3036EA6700B0DC7E /* OAuth2Service.swift in Sources */,
				2E9DE4CB302EA5F70053F9CC /* SingleImageViewController.swift in Sources */,
				2E9DE4CC302EA5F70053F9CC /* ProfileViewController.swift in Sources */,
				2E9DE4CD302EA5F70053F9CC /* AppDelegate.swift in Sources */,
				2E67D14E3036ED9800B0DC7E /* URLSession+data.swift in Sources */,
				2E9DE4CE302EA5F70053F9CC /* SceneDelegate.swift in Sources */,
				2E67D14430341C7600B0DC7E /* AuthViewController.swift in Sources */,
				2E67D1503036F17900B0DC7E /* OAuth2TokenStorage.swift in Sources */,
				2E67D1413033ED8200B0DC7E /* Constants.swift in Sources */,
			);
			runOnlyForDeploymentPostprocessing = 0;
		};
/* End PBXSourcesBuildPhase section */

/* Begin PBXVariantGroup section */
		2E9DE4BF302EA5F70053F9CC /* LaunchScreen.storyboard */ = {
			isa = PBXVariantGroup;
			children = (
				2E9DE4BE302EA5F70053F9CC /* Base */,
			);
			name = LaunchScreen.storyboard;
			sourceTree = "<group>";
		};
		2E9DE4C1302EA5F70053F9CC /* Main.storyboard */ = {
			isa = PBXVariantGroup;
			children = (
				2E9DE4C0302EA5F70053F9CC /* Base */,
			);
			name = Main.storyboard;
			sourceTree = "<group>";
		};
/* End PBXVariantGroup section */

/* Begin XCBuildConfiguration section */
		2E9999BD3004D64C00081249 /* Debug */ = {
			isa = XCBuildConfiguration;
			buildSettings = {
				ASSETCATALOG_COMPILER_APPICON_NAME = AppIcon;
				ASSETCATALOG_COMPILER_GLOBAL_ACCENT_COLOR_NAME = AccentColor;
				CODE_SIGN_STYLE = Automatic;
				CURRENT_PROJECT_VERSION = 1;
				DEVELOPMENT_TEAM = Z6T385N8Z5;
				GENERATE_INFOPLIST_FILE = YES;
				INFOPLIST_FILE = ImageFeed/Info.plist;
				INFOPLIST_KEY_UIApplicationSupportsIndirectInputEvents = YES;
				INFOPLIST_KEY_UILaunchStoryboardName = LaunchScreen;
				INFOPLIST_KEY_UIMainStoryboardFile = Main;
				INFOPLIST_KEY_UISupportedInterfaceOrientations_iPad = "UIInterfaceOrientationPortrait UIInterfaceOrientationPortraitUpsideDown UIInterfaceOrientationLandscapeLeft UIInterfaceOrientationLandscapeRight";
				INFOPLIST_KEY_UISupportedInterfaceOrientations_iPhone = UIInterfaceOrientationPortrait;
				IPHONEOS_DEPLOYMENT_TARGET = 17.0;
				LD_RUNPATH_SEARCH_PATHS = (
					"$(inherited)",
					"@executable_path/Frameworks",
				);
				MARKETING_VERSION = 1.0;
				PRODUCT_BUNDLE_IDENTIFIER = com.krios.ImageFeed;
				PRODUCT_NAME = "$(TARGET_NAME)";
				STRING_CATALOG_GENERATE_SYMBOLS = YES;
				SUPPORTED_PLATFORMS = "iphoneos iphonesimulator";
				SUPPORTS_MACCATALYST = NO;
				SUPPORTS_MAC_DESIGNED_FOR_IPHONE_IPAD = NO;
				SUPPORTS_XR_DESIGNED_FOR_IPHONE_IPAD = NO;
				SWIFT_APPROACHABLE_CONCURRENCY = YES;
				SWIFT_DEFAULT_ACTOR_ISOLATION = MainActor;
				SWIFT_EMIT_LOC_STRINGS = YES;
				SWIFT_UPCOMING_FEATURE_MEMBER_IMPORT_VISIBILITY = YES;
				SWIFT_VERSION = 5.0;
				TARGETED_DEVICE_FAMILY = 1;
			};
			name = Debug;
		};
		2E9999BE3004D64C00081249 /* Release */ = {
			isa = XCBuildConfiguration;
			buildSettings = {
				ASSETCATALOG_COMPILER_APPICON_NAME = AppIcon;
				ASSETCATALOG_COMPILER_GLOBAL_ACCENT_COLOR_NAME = AccentColor;
				CODE_SIGN_STYLE = Automatic;
				CURRENT_PROJECT_VERSION = 1;
				DEVELOPMENT_TEAM = Z6T385N8Z5;
				GENERATE_INFOPLIST_FILE = YES;
				INFOPLIST_FILE = ImageFeed/Info.plist;
				INFOPLIST_KEY_UIApplicationSupportsIndirectInputEvents = YES;
				INFOPLIST_KEY_UILaunchStoryboardName = LaunchScreen;
				INFOPLIST_KEY_UIMainStoryboardFile = Main;
				INFOPLIST_KEY_UISupportedInterfaceOrientations_iPad = "UIInterfaceOrientationPortrait UIInterfaceOrientationPortraitUpsideDown UIInterfaceOrientationLandscapeLeft UIInterfaceOrientationLandscapeRight";
				INFOPLIST_KEY_UISupportedInterfaceOrientations_iPhone = UIInterfaceOrientationPortrait;
				IPHONEOS_DEPLOYMENT_TARGET = 17.0;
				LD_RUNPATH_SEARCH_PATHS = (
					"$(inherited)",
					"@executable_path/Frameworks",
				);
				MARKETING_VERSION = 1.0;
				PRODUCT_BUNDLE_IDENTIFIER = com.krios.ImageFeed;
				PRODUCT_NAME = "$(TARGET_NAME)";
				STRING_CATALOG_GENERATE_SYMBOLS = YES;
				SUPPORTED_PLATFORMS = "iphoneos iphonesimulator";
				SUPPORTS_MACCATALYST = NO;
				SUPPORTS_MAC_DESIGNED_FOR_IPHONE_IPAD = NO;
				SUPPORTS_XR_DESIGNED_FOR_IPHONE_IPAD = NO;
				SWIFT_APPROACHABLE_CONCURRENCY = YES;
				SWIFT_DEFAULT_ACTOR_ISOLATION = MainActor;
				SWIFT_EMIT_LOC_STRINGS = YES;
				SWIFT_UPCOMING_FEATURE_MEMBER_IMPORT_VISIBILITY = YES;
				SWIFT_VERSION = 5.0;
				TARGETED_DEVICE_FAMILY = 1;
			};
			name = Release;
		};
		2E9999BF3004D64C00081249 /* Debug */ = {
			isa = XCBuildConfiguration;
			buildSettings = {
				ALWAYS_SEARCH_USER_PATHS = NO;
				ASSETCATALOG_COMPILER_GENERATE_SWIFT_ASSET_SYMBOL_EXTENSIONS = YES;
				CLANG_ANALYZER_NONNULL = YES;
				CLANG_ANALYZER_NUMBER_OBJECT_CONVERSION = YES_AGGRESSIVE;
				CLANG_CXX_LANGUAGE_STANDARD = "gnu++20";
				CLANG_ENABLE_MODULES = YES;
				CLANG_ENABLE_OBJC_ARC = YES;
				CLANG_ENABLE_OBJC_WEAK = YES;
				CLANG_WARN_BLOCK_CAPTURE_AUTORELEASING = YES;
				CLANG_WARN_BOOL_CONVERSION = YES;
				CLANG_WARN_COMMA = YES;
				CLANG_WARN_CONSTANT_CONVERSION = YES;
				CLANG_WARN_DEPRECATED_OBJC_IMPLEMENTATIONS = YES;
				CLANG_WARN_DIRECT_OBJC_ISA_USAGE = YES_ERROR;
				CLANG_WARN_DOCUMENTATION_COMMENTS = YES;
				CLANG_WARN_EMPTY_BODY = YES;
				CLANG_WARN_ENUM_CONVERSION = YES;
				CLANG_WARN_INFINITE_RECURSION = YES;
				CLANG_WARN_INT_CONVERSION = YES;
				CLANG_WARN_NON_LITERAL_NULL_CONVERSION = YES;
				CLANG_WARN_OBJC_IMPLICIT_RETAIN_SELF = YES;
				CLANG_WARN_OBJC_LITERAL_CONVERSION = YES;
				CLANG_WARN_OBJC_ROOT_CLASS = YES_ERROR;
				CLANG_WARN_QUOTED_INCLUDE_IN_FRAMEWORK_HEADER = YES;
				CLANG_WARN_RANGE_LOOP_ANALYSIS = YES;
				CLANG_WARN_STRICT_PROTOTYPES = YES;
				CLANG_WARN_SUSPICIOUS_MOVE = YES;
				CLANG_WARN_UNGUARDED_AVAILABILITY = YES_AGGRESSIVE;
				CLANG_WARN_UNREACHABLE_CODE = YES;
				CLANG_WARN__DUPLICATE_METHOD_MATCH = YES;
				COPY_PHASE_STRIP = NO;
				DEBUG_INFORMATION_FORMAT = dwarf;
				DEVELOPMENT_TEAM = Z6T385N8Z5;
				ENABLE_STRICT_OBJC_MSGSEND = YES;
				ENABLE_TESTABILITY = YES;
				ENABLE_USER_SCRIPT_SANDBOXING = YES;
				GCC_C_LANGUAGE_STANDARD = gnu17;
				GCC_DYNAMIC_NO_PIC = NO;
				GCC_NO_COMMON_BLOCKS = YES;
				GCC_OPTIMIZATION_LEVEL = 0;
				GCC_PREPROCESSOR_DEFINITIONS = (
					"DEBUG=1",
					"$(inherited)",
				);
				GCC_WARN_64_TO_32_BIT_CONVERSION = YES;
				GCC_WARN_ABOUT_RETURN_TYPE = YES_ERROR;
				GCC_WARN_UNDECLARED_SELECTOR = YES;
				GCC_WARN_UNINITIALIZED_AUTOS = YES_AGGRESSIVE;
				GCC_WARN_UNUSED_FUNCTION = YES;
				GCC_WARN_UNUSED_VARIABLE = YES;
				IPHONEOS_DEPLOYMENT_TARGET = 26.5;
				LOCALIZATION_PREFERS_STRING_CATALOGS = YES;
				MTL_ENABLE_DEBUG_INFO = INCLUDE_SOURCE;
				MTL_FAST_MATH = YES;
				ONLY_ACTIVE_ARCH = YES;
				SDKROOT = iphoneos;
				STRING_CATALOG_GENERATE_SYMBOLS = YES;
				SWIFT_ACTIVE_COMPILATION_CONDITIONS = "DEBUG $(inherited)";
				SWIFT_OPTIMIZATION_LEVEL = "-Onone";
			};
			name = Debug;
		};
		2E9999C03004D64C00081249 /* Release */ = {
			isa = XCBuildConfiguration;
			buildSettings = {
				ALWAYS_SEARCH_USER_PATHS = NO;
				ASSETCATALOG_COMPILER_GENERATE_SWIFT_ASSET_SYMBOL_EXTENSIONS = YES;
				CLANG_ANALYZER_NONNULL = YES;
				CLANG_ANALYZER_NUMBER_OBJECT_CONVERSION = YES_AGGRESSIVE;
				CLANG_CXX_LANGUAGE_STANDARD = "gnu++20";
				CLANG_ENABLE_MODULES = YES;
				CLANG_ENABLE_OBJC_ARC = YES;
				CLANG_ENABLE_OBJC_WEAK = YES;
				CLANG_WARN_BLOCK_CAPTURE_AUTORELEASING = YES;
				CLANG_WARN_BOOL_CONVERSION = YES;
				CLANG_WARN_COMMA = YES;
				CLANG_WARN_CONSTANT_CONVERSION = YES;
				CLANG_WARN_DEPRECATED_OBJC_IMPLEMENTATIONS = YES;
				CLANG_WARN_DIRECT_OBJC_ISA_USAGE = YES_ERROR;
				CLANG_WARN_DOCUMENTATION_COMMENTS = YES;
				CLANG_WARN_EMPTY_BODY = YES;
				CLANG_WARN_ENUM_CONVERSION = YES;
				CLANG_WARN_INFINITE_RECURSION = YES;
				CLANG_WARN_INT_CONVERSION = YES;
				CLANG_WARN_NON_LITERAL_NULL_CONVERSION = YES;
				CLANG_WARN_OBJC_IMPLICIT_RETAIN_SELF = YES;
				CLANG_WARN_OBJC_LITERAL_CONVERSION = YES;
				CLANG_WARN_OBJC_ROOT_CLASS = YES_ERROR;
				CLANG_WARN_QUOTED_INCLUDE_IN_FRAMEWORK_HEADER = YES;
				CLANG_WARN_RANGE_LOOP_ANALYSIS = YES;
				CLANG_WARN_STRICT_PROTOTYPES = YES;
				CLANG_WARN_SUSPICIOUS_MOVE = YES;
				CLANG_WARN_UNGUARDED_AVAILABILITY = YES_AGGRESSIVE;
				CLANG_WARN_UNREACHABLE_CODE = YES;
				CLANG_WARN__DUPLICATE_METHOD_MATCH = YES;
				COPY_PHASE_STRIP = NO;
				DEBUG_INFORMATION_FORMAT = "dwarf-with-dsym";
				DEVELOPMENT_TEAM = Z6T385N8Z5;
				ENABLE_NS_ASSERTIONS = NO;
				ENABLE_STRICT_OBJC_MSGSEND = YES;
				ENABLE_USER_SCRIPT_SANDBOXING = YES;
				GCC_C_LANGUAGE_STANDARD = gnu17;
				GCC_NO_COMMON_BLOCKS = YES;
				GCC_WARN_64_TO_32_BIT_CONVERSION = YES;
				GCC_WARN_ABOUT_RETURN_TYPE = YES_ERROR;
				GCC_WARN_UNDECLARED_SELECTOR = YES;
				GCC_WARN_UNINITIALIZED_AUTOS = YES_AGGRESSIVE;
				GCC_WARN_UNUSED_FUNCTION = YES;
				GCC_WARN_UNUSED_VARIABLE = YES;
				IPHONEOS_DEPLOYMENT_TARGET = 26.5;
				LOCALIZATION_PREFERS_STRING_CATALOGS = YES;
				MTL_ENABLE_DEBUG_INFO = NO;
				MTL_FAST_MATH = YES;
				SDKROOT = iphoneos;
				STRING_CATALOG_GENERATE_SYMBOLS = YES;
				SWIFT_COMPILATION_MODE = wholemodule;
				VALIDATE_PRODUCT = YES;
			};
			name = Release;
		};
/* End XCBuildConfiguration section */

/* Begin XCConfigurationList section */
		2E9999A43004D64A00081249 /* Build configuration list for PBXProject "ImageFeed" */ = {
			isa = XCConfigurationList;
			buildConfigurations = (
				2E9999BF3004D64C00081249 /* Debug */,
				2E9999C03004D64C00081249 /* Release */,
			);
			defaultConfigurationIsVisible = 0;
			defaultConfigurationName = Release;
		};
		2E9999BC3004D64C00081249 /* Build configuration list for PBXNativeTarget "ImageFeed" */ = {
			isa = XCConfigurationList;
			buildConfigurations = (
				2E9999BD3004D64C00081249 /* Debug */,
				2E9999BE3004D64C00081249 /* Release */,
			);
			defaultConfigurationIsVisible = 0;
			defaultConfigurationName = Release;
		};
/* End XCConfigurationList section */
	};
	rootObject = 2E9999A13004D64A00081249 /* Project object */;
}
